
Microsoft Visual Studio Solution File, Format Version 12.00
# Visual Studio 15
VisualStudioVersion = 15.0.26730.15
MinimumVisualStudioVersion = 10.0.40219.1
Project("{FAE04EC0-301F-11D3-BF4B-00C04F79EFBC}") = "XamlExample.Android", "XamlExample\XamlExample.Android\XamlExample.Android.csproj", "{9E05E475-4DF4-4D05-B0B2-7EE63F158E5C}"
EndProject
Project("{FAE04EC0-301F-11D3-BF4B-00C04F79EFBC}") = "XamlExample", "XamlExample\XamlExample\XamlExample.csproj", "{863A6BC3-09C5-403F-9FB7-7C9E69ACA75C}"
EndProject
Project("{FAE04EC0-301F-11D3-BF4B-00C04F79EFBC}") = "XamlExample.UWP", "XamlExample\XamlExample.UWP\XamlExample.UWP.csproj", "{324201D8-B6F7-47C3-8DBF-15A9EBE27264}"
EndProject
Project("{FAE04EC0-301F-11D3-BF4B-00C04F79EFBC}") = "XamlExample.iOS", "XamlExample\XamlExample.iOS\XamlExample.iOS.csproj", "{743FEC22-8EA7-41F0-9111-E04ECFE5C81B}"
EndProject
Global
	GlobalSection(SolutionConfigurationPlatforms) = preSolution
		Ad-Hoc|Any CPU = Ad-Hoc|Any CPU
		Ad-Hoc|ARM = Ad-Hoc|ARM
		Ad-Hoc|iPhone = Ad-Hoc|iPhone
		Ad-Hoc|iPhoneSimulator = Ad-Hoc|iPhoneSimulator
		Ad-Hoc|x64 = Ad-Hoc|x64
		Ad-Hoc|x86 = Ad-Hoc|x86
		AppStore|Any CPU = AppStore|Any CPU
		AppStore|ARM = AppStore|ARM
		AppStore|iPhone = AppStore|iPhone
		AppStore|iPhoneSimulator = AppStore|iPhoneSimulator
		AppStore|x64 = AppStore|x64
		AppStore|x86 = AppStore|x86
		Debug|Any CPU = Debug|Any CPU
		Debug|ARM = Debug|ARM
		Debug|iPhone = Debug|iPhone
		Debug|iPhoneSimulator = Debug|iPhoneSimulator
		Debug|x64 = Debug|x64
		Debug|x86 = Debug|x86
		Release|Any CPU = Release|Any CPU
		Release|ARM = Release|ARM
		Release|iPhone = Release|iPhone
		Release|iPhoneSimulator = Release|iPhoneSimulator
		Release|x64 = Release|x64
		Release|x86 = Release|x86
	EndGlobalSection
	GlobalSection(ProjectConfigurationPlatforms) = postSolution
		{9E05E475-4DF4-4D05-B0B2-7EE63F158E5C}.Ad-Hoc|Any CPU.ActiveCfg = Release|Any CPU
		{9E05E475-4DF4-4D05-B0B2-7EE63F158E5C}.Ad-Hoc|Any CPU.Build.0 = Release|Any CPU
		{9E05E475-4DF4-4D05-B0B2-7EE63F158E5C}.Ad-Hoc|Any CPU.Deploy.0 = Release|Any CPU
		{9E05E475-4DF4-4D05-B0B2-7EE63F158E5C}.Ad-Hoc|ARM.ActiveCfg = Release|Any CPU
		{9E05E475-4DF4-4D05-B0B2-7EE63F158E5C}.Ad-Hoc|ARM.Build.0 = Release|Any CPU
		{9E05E475-4DF4-4D05-B0B2-7EE63F158E5C}.Ad-Hoc|ARM.Deploy.0 = Release|Any CPU
		{9E05E475-4DF4-4D05-B0B2-7EE63F158E5C}.Ad-Hoc|iPhone.ActiveCfg = Release|Any CPU
		{9E05E475-4DF4-4D05-B0B2-7EE63F158E5C}.Ad-Hoc|iPhone.Build.0 = Release|Any CPU
		{9E05E475-4DF4-4D05-B0B2-7EE63F158E5C}.Ad-Hoc|iPhone.Deploy.0 = Release|Any CPU
		{9E05E475-4DF4-4D05-B0B2-7EE63F158E5C}.Ad-Hoc|iPhoneSimulator.ActiveCfg = Release|Any CPU
		{9E05E475-4DF4-4D05-B0B2-7EE63F158E5C}.Ad-Hoc|iPhoneSimulator.Build.0 = Release|Any CPU
		{9E05E475-4DF4-4D05-B0B2-7EE63F158E5C}.Ad-Hoc|iPhoneSimulator.Deploy.0 = Release|Any CPU
		{9E05E475-4DF4-4D05-B0B2-7EE63F158E5C}.Ad-Hoc|x64.ActiveCfg = Release|Any CPU
		{9E05E475-4DF4-4D05-B0B2-7EE63F158E5C}.Ad-Hoc|x64.Build.0 = Release|Any CPU
		{9E05E475-4DF4-4D05-B0B2-7EE63F158E5C}.Ad-Hoc|x64.Deploy.0 = Release|Any CPU
		{9E05E475-4DF4-4D05-B0B2-7EE63F158E5C}.Ad-Hoc|x86.ActiveCfg = Release|Any CPU
		{9E05E475-4DF4-4D05-B0B2-7EE63F158E5C}.Ad-Hoc|x86.Build.0 = Release|Any CPU
		{9E05E475-4DF4-4D05-B0B2-7EE63F158E5C}.Ad-Hoc|x86.Deploy.0 = Release|Any CPU
		{9E05E475-4DF4-4D05-B0B2-7EE63F158E5C}.AppStore|Any CPU.ActiveCfg = Release|Any CPU
		{9E05E475-4DF4-4D05-B0B2-7EE63F158E5C}.AppStore|Any CPU.Build.0 = Release|Any CPU
		{9E05E475-4DF4-4D05-B0B2-7EE63F158E5C}.AppStore|Any CPU.Deploy.0 = Release|Any CPU
		{9E05E475-4DF4-4D05-B0B2-7EE63F158E5C}.AppStore|ARM.ActiveCfg = Release|Any CPU
		{9E05E475-4DF4-4D05-B0B2-7EE63F158E5C}.AppStore|ARM.Build.0 = Release|Any CPU
		{9E05E475-4DF4-4D05-B0B2-7EE63F158E5C}.AppStore|ARM.Deploy.0 = Release|Any CPU
		{9E05E475-4DF4-4D05-B0B2-7EE63F158E5C}.AppStore|iPhone.ActiveCfg = Release|Any CPU
		{9E05E475-4DF4-4D05-B0B2-7EE63F158E5C}.AppStore|iPhone.Build.0 = Release|Any CPU
		{9E05E475-4DF4-4D05-B0B2-7EE63F158E5C}.AppStore|iPhone.Deploy.0 = Release|Any CPU
		{9E05E475-4DF4-4D05-B0B2-7EE63F158E5C}.AppStore|iPhoneSimulator.ActiveCfg = Release|Any CPU
		{9E05E475-4DF4-4D05-B0B2-7EE63F158E5C}.AppStore|iPhoneSimulator.Build.0 = Release|Any CPU
		{9E05E475-4DF4-4D05-B0B2-7EE63F158E5C}.AppStore|iPhoneSimulator.Deploy.0 = Release|Any CPU
		{9E05E475-4DF4-4D05-B0B2-7EE63F158E5C}.AppStore|x64.ActiveCfg = Release|Any CPU
		{9E05E475-4DF4-4D05-B0B2-7EE63F158E5C}.AppStore|x64.Build.0 = Release|Any CPU
		{9E05E475-4DF4-4D05-B0B2-7EE63F158E5C}.AppStore|x64.Deploy.0 = Release|Any CPU
		{9E05E475-4DF4-4D05-B0B2-7EE63F158E5C}.AppStore|x86.ActiveCfg = Release|Any CPU
		{9E05E475-4DF4-4D05-B0B2-7EE63F158E5C}.AppStore|x86.Build.0 = Release|Any CPU
		{9E05E475-4DF4-4D05-B0B2-7EE63F158E5C}.AppStore|x86.Deploy.0 = Release|Any CPU
		{9E05E475-4DF4-4D05-B0B2-7EE63F158E5C}.Debug|Any CPU.ActiveCfg = Debug|Any CPU
		{9E05E475-4DF4-4D05-B0B2-7EE63F158E5C}.Debug|Any CPU.Build.0 = Debug|Any CPU
		{9E05E475-4DF4-4D05-B0B2-7EE63F158E5C}.Debug|Any CPU.Deploy.0 = Debug|Any CPU
		{9E05E475-4DF4-4D05-B0B2-7EE63F158E5C}.Debug|ARM.ActiveCfg = Debug|Any CPU
		{9E05E475-4DF4-4D05-B0B2-7EE63F158E5C}.Debug|ARM.Build.0 = Debug|Any CPU
		{9E05E475-4DF4-4D05-B0B2-7EE63F158E5C}.Debug|ARM.Deploy.0 = Debug|Any CPU
		{9E05E475-4DF4-4D05-B0B2-7EE63F158E5C}.Debug|iPhone.ActiveCfg = Debug|Any CPU
		{9E05E475-4DF4-4D05-B0B2-7EE63F158E5C}.Debug|iPhone.Build.0 = Debug|Any CPU
		{9E05E475-4DF4-4D05-B0B2-7EE63F158E5C}.Debug|iPhone.Deploy.0 = Debug|Any CPU
		{9E05E475-4DF4-4D05-B0B2-7EE63F158E5C}.Debug|iPhoneSimulator.ActiveCfg = Debug|Any CPU
		{9E05E475-4DF4-4D05-B0B2-7EE63F158E5C}.Debug|iPhoneSimulator.Build.0 = Debug|Any CPU
		{9E05E475-4DF4-4D05-B0B2-7EE63F158E5C}.Debug|iPhoneSimulator.Deploy.0 = Debug|Any CPU
		{9E05E475-4DF4-4D05-B0B2-7EE63F158E5C}.Debug|x64.ActiveCfg = Debug|Any CPU
		{9E05E475-4DF4-4D05-B0B2-7EE63F158E5C}.Debug|x64.Build.0 = Debug|Any CPU
		{9E05E475-4DF4-4D05-B0B2-7EE63F158E5C}.Debug|x64.Deploy.0 = Debug|Any CPU
		{9E05E475-4DF4-4D05-B0B2-7EE63F158E5C}.Debug|x86.ActiveCfg = Debug|Any CPU
		{9E05E475-4DF4-4D05-B0B2-7EE63F158E5C}.Debug|x86.Build.0 = Debug|Any CPU
		{9E05E475-4DF4-4D05-B0B2-7EE63F158E5C}.Debug|x86.Deploy.0 = Debug|Any CPU
		{9E05E475-4DF4-4D05-B0B2-7EE63F158E5C}.Release|Any CPU.ActiveCfg = Release|Any CPU
		{9E05E475-4DF4-4D05-B0B2-7EE63F158E5C}.Release|Any CPU.Build.0 = Release|Any CPU
		{9E05E475-4DF4-4D05-B0B2-7EE63F158E5C}.Release|Any CPU.Deploy.0 = Release|Any CPU
		{9E05E475-4DF4-4D05-B0B2-7EE63F158E5C}.Release|ARM.ActiveCfg = Release|Any CPU
		{9E05E475-4DF4-4D05-B0B2-7EE63F158E5C}.Release|ARM.Build.0 = Release|Any CPU
		{9E05E475-4DF4-4D05-B0B2-7EE63F158E5C}.Release|ARM.Deploy.0 = Release|Any CPU
		{9E05E475-4DF4-4D05-B0B2-7EE63F158E5C}.Release|iPhone.ActiveCfg = Release|Any CPU
		{9E05E475-4DF4-4D05-B0B2-7EE63F158E5C}.Release|iPhone.Build.0 = Release|Any CPU
		{9E05E475-4DF4-4D05-B0B2-7EE63F158E5C}.Release|iPhone.Deploy.0 = Release|Any CPU
		{9E05E475-4DF4-4D05-B0B2-7EE63F158E5C}.Release|iPhoneSimulator.ActiveCfg = Release|Any CPU
		{9E05E475-4DF4-4D05-B0B2-7EE63F158E5C}.Release|iPhoneSimulator.Build.0 = Release|Any CPU
		{9E05E475-4DF4-4D05-B0B2-7EE63F158E5C}.Release|iPhoneSimulator.Deploy.0 = Release|Any CPU
		{9E05E475-4DF4-4D05-B0B2-7EE63F158E5C}.Release|x64.ActiveCfg = Release|Any CPU
		{9E05E475-4DF4-4D05-B0B2-7EE63F158E5C}.Release|x64.Build.0 = Release|Any CPU
		{9E05E475-4DF4-4D05-B0B2-7EE63F158E5C}.Release|x64.Deploy.0 = Release|Any CPU
		{9E05E475-4DF4-4D05-B0B2-7EE63F158E5C}.Release|x86.ActiveCfg = Release|Any CPU
		{9E05E475-4DF4-4D05-B0B2-7EE63F158E5C}.Release|x86.Build.0 = Release|Any CPU
		{9E05E475-4DF4-4D05-B0B2-7EE63F158E5C}.Release|x86.Deploy.0 = Release|Any CPU
		{863A6BC3-09C5-403F-9FB7-7C9E69ACA75C}.Ad-Hoc|Any CPU.ActiveCfg = Release|Any CPU
		{863A6BC3-09C5-403F-9FB7-7C9E69ACA75C}.Ad-Hoc|Any CPU.Build.0 = Release|Any CPU
		{863A6BC3-09C5-403F-9FB7-7C9E69ACA75C}.Ad-Hoc|ARM.ActiveCfg = Release|Any CPU
		{863A6BC3-09C5-403F-9FB7-7C9E69ACA75C}.Ad-Hoc|ARM.Build.0 = Release|Any CPU
		{863A6BC3-09C5-403F-9FB7-7C9E69ACA75C}.Ad-Hoc|iPhone.ActiveCfg = Release|Any CPU
		{863A6BC3-09C5-403F-9FB7-7C9E69ACA75C}.Ad-Hoc|iPhone.Build.0 = Release|Any CPU
		{863A6BC3-09C5-403F-9FB7-7C9E69ACA75C}.Ad-Hoc|iPhoneSimulator.ActiveCfg = Release|Any CPU
		{863A6BC3-09C5-403F-9FB7-7C9E69ACA75C}.Ad-Hoc|iPhoneSimulator.Build.0 = Release|Any CPU
		{863A6BC3-09C5-403F-9FB7-7C9E69ACA75C}.Ad-Hoc|x64.ActiveCfg = Release|Any CPU
		{863A6BC3-09C5-403F-9FB7-7C9E69ACA75C}.Ad-Hoc|x64.Build.0 = Release|Any CPU
		{863A6BC3-09C5-403F-9FB7-7C9E69ACA75C}.Ad-Hoc|x86.ActiveCfg = Release|Any CPU
		{863A6BC3-09C5-403F-9FB7-7C9E69ACA75C}.Ad-Hoc|x86.Build.0 = Release|Any CPU
		{863A6BC3-09C5-403F-9FB7-7C9E69ACA75C}.AppStore|Any CPU.ActiveCfg = Release|Any CPU
		{863A6BC3-09C5-403F-9FB7-7C9E69ACA75C}.AppStore|Any CPU.Build.0 = Release|Any CPU
		{863A6BC3-09C5-403F-9FB7-7C9E69ACA75C}.AppStore|ARM.ActiveCfg = Release|Any CPU
		{863A6BC3-09C5-403F-9FB7-7C9E69ACA75C}.AppStore|ARM.Build.0 = Release|Any CPU
		{863A6BC3-09C5-403F-9FB7-7C9E69ACA75C}.AppStore|iPhone.ActiveCfg = Release|Any CPU
		{863A6BC3-09C5-403F-9FB7-7C9E69ACA75C}.AppStore|iPhone.Build.0 = Release|Any CPU
		{863A6BC3-09C5-403F-9FB7-7C9E69ACA75C}.AppStore|iPhoneSimulator.ActiveCfg = Release|Any CPU
		{863A6BC3-09C5-403F-9FB7-7C9E69ACA75C}.AppStore|iPhoneSimulator.Build.0 = Release|Any CPU
		{863A6BC3-09C5-403F-9FB7-7C9E69ACA75C}.AppStore|x64.ActiveCfg = Release|Any CPU
		{863A6BC3-09C5-403F-9FB7-7C9E69ACA75C}.AppStore|x64.Build.0 = Release|Any CPU
		{863A6BC3-09C5-403F-9FB7-7C9E69ACA75C}.AppStore|x86.ActiveCfg = Release|Any CPU
		{863A6BC3-09C5-403F-9FB7-7C9E69ACA75C}.AppStore|x86.Build.0 = Release|Any CPU
		{863A6BC3-09C5-403F-9FB7-7C9E69ACA75C}.Debug|Any CPU.ActiveCfg = Debug|Any CPU
		{863A6BC3-09C5-403F-9FB7-7C9E69ACA75C}.Debug|Any CPU.Build.0 = Debug|Any CPU
		{863A6BC3-09C5-403F-9FB7-7C9E69ACA75C}.Debug|ARM.ActiveCfg = Debug|Any CPU
		{863A6BC3-09C5-403F-9FB7-7C9E69ACA75C}.Debug|ARM.Build.0 = Debug|Any CPU
		{863A6BC3-09C5-403F-9FB7-7C9E69ACA75C}.Debug|iPhone.ActiveCfg = Debug|Any CPU
		{863A6BC3-09C5-403F-9FB7-7C9E69ACA75C}.Debug|iPhone.Build.0 = Debug|Any CPU
		{863A6BC3-09C5-403F-9FB7-7C9E69ACA75C}.Debug|iPhoneSimulator.ActiveCfg = Debug|Any CPU
		{863A6BC3-09C5-403F-9FB7-7C9E69ACA75C}.Debug|iPhoneSimulator.Build.0 = Debug|Any CPU
		{863A6BC3-09C5-403F-9FB7-7C9E69ACA75C}.Debug|x64.ActiveCfg = Debug|Any CPU
		{863A6BC3-09C5-403F-9FB7-7C9E69ACA75C}.Debug|x64.Build.0 = Debug|Any CPU
		{863A6BC3-09C5-403F-9FB7-7C9E69ACA75C}.Debug|x86.ActiveCfg = Debug|Any CPU
		{863A6BC3-09C5-403F-9FB7-7C9E69ACA75C}.Debug|x86.Build.0 = Debug|Any CPU
		{863A6BC3-09C5-403F-9FB7-7C9E69ACA75C}.Release|Any CPU.ActiveCfg = Release|Any CPU
		{863A6BC3-09C5-403F-9FB7-7C9E69ACA75C}.Release|Any CPU.Build.0 = Release|Any CPU
		{863A6BC3-09C5-403F-9FB7-7C9E69ACA75C}.Release|ARM.ActiveCfg = Release|Any CPU
		{863A6BC3-09C5-403F-9FB7-7C9E69ACA75C}.Release|ARM.Build.0 = Release|Any CPU
		{863A6BC3-09C5-403F-9FB7-7C9E69ACA75C}.Release|iPhone.ActiveCfg = Release|Any CPU
		{863A6BC3-09C5-403F-9FB7-7C9E69ACA75C}.Release|iPhone.Build.0 = Release|Any CPU
		{863A6BC3-09C5-403F-9FB7-7C9E69ACA75C}.Release|iPhoneSimulator.ActiveCfg = Release|Any CPU
		{863A6BC3-09C5-403F-9FB7-7C9E69ACA75C}.Release|iPhoneSimulator.Build.0 = Release|Any CPU
		{863A6BC3-09C5-403F-9FB7-7C9E69ACA75C}.Release|x64.ActiveCfg = Release|Any CPU
		{863A6BC3-09C5-403F-9FB7-7C9E69ACA75C}.Release|x64.Build.0 = Release|Any CPU
		{863A6BC3-09C5-403F-9FB7-7C9E69ACA75C}.Release|x86.ActiveCfg = Release|Any CPU
		{863A6BC3-09C5-403F-9FB7-7C9E69ACA75C}.Release|x86.Build.0 = Release|Any CPU
		{324201D8-B6F7-47C3-8DBF-15A9EBE27264}.Ad-Hoc|Any CPU.ActiveCfg = Release|x86
		{324201D8-B6F7-47C3-8DBF-15A9EBE27264}.Ad-Hoc|Any CPU.Build.0 = Release|x86
		{324201D8-B6F7-47C3-8DBF-15A9EBE27264}.Ad-Hoc|Any CPU.Deploy.0 = Release|x86
		{324201D8-B6F7-47C3-8DBF-15A9EBE27264}.Ad-Hoc|ARM.ActiveCfg = Release|ARM
		{324201D8-B6F7-47C3-8DBF-15A9EBE27264}.Ad-Hoc|ARM.Build.0 = Release|ARM
		{324201D8-B6F7-47C3-8DBF-15A9EBE27264}.Ad-Hoc|ARM.Deploy.0 = Release|ARM
		{324201D8-B6F7-47C3-8DBF-15A9EBE27264}.Ad-Hoc|iPhone.ActiveCfg = Release|x86
		{324201D8-B6F7-47C3-8DBF-15A9EBE27264}.Ad-Hoc|iPhone.Build.0 = Release|x86
		{324201D8-B6F7-47C3-8DBF-15A9EBE27264}.Ad-Hoc|iPhone.Deploy.0 = Release|x86
		{324201D8-B6F7-47C3-8DBF-15A9EBE27264}.Ad-Hoc|iPhoneSimulator.ActiveCfg = Release|x86
		{324201D8-B6F7-47C3-8DBF-15A9EBE27264}.Ad-Hoc|iPhoneSimulator.Build.0 = Release|x86
		{324201D8-B6F7-47C3-8DBF-15A9EBE27264}.Ad-Hoc|iPhoneSimulator.Deploy.0 = Release|x86
		{324201D8-B6F7-47C3-8DBF-15A9EBE27264}.Ad-Hoc|x64.ActiveCfg = Release|x64
		{324201D8-B6F7-47C3-8DBF-15A9EBE27264}.Ad-Hoc|x64.Build.0 = Release|x64
		{324201D8-B6F7-47C3-8DBF-15A9EBE27264}.Ad-Hoc|x64.Deploy.0 = Release|x64
		{324201D8-B6F7-47C3-8DBF-15A9EBE27264}.Ad-Hoc|x86.ActiveCfg = Release|x86
		{324201D8-B6F7-47C3-8DBF-15A9EBE27264}.Ad-Hoc|x86.Build.0 = Release|x86
		{324201D8-B6F7-47C3-8DBF-15A9EBE27264}.Ad-Hoc|x86.Deploy.0 = Release|x86
		{324201D8-B6F7-47C3-8DBF-15A9EBE27264}.AppStore|Any CPU.ActiveCfg = Release|x86
		{324201D8-B6F7-47C3-8DBF-15A9EBE27264}.AppStore|Any CPU.Build.0 = Release|x86
		{324201D8-B6F7-47C3-8DBF-15A9EBE27264}.AppStore|Any CPU.Deploy.0 = Release|x86
		{324201D8-B6F7-47C3-8DBF-15A9EBE27264}.AppStore|ARM.ActiveCfg = Release|ARM
		{324201D8-B6F7-47C3-8DBF-15A9EBE27264}.AppStore|ARM.Build.0 = Release|ARM
		{324201D8-B6F7-47C3-8DBF-15A9EBE27264}.AppStore|ARM.Deploy.0 = Release|ARM
		{324201D8-B6F7-47C3-8DBF-15A9EBE27264}.AppStore|iPhone.ActiveCfg = Release|x86
		{324201D8-B6F7-47C3-8DBF-15A9EBE27264}.AppStore|iPhone.Build.0 = Release|x86
		{324201D8-B6F7-47C3-8DBF-15A9EBE27264}.AppStore|iPhone.Deploy.0 = Release|x86
		{324201D8-B6F7-47C3-8DBF-15A9EBE27264}.AppStore|iPhoneSimulator.ActiveCfg = Release|x86
		{324201D8-B6F7-47C3-8DBF-15A9EBE27264}.AppStore|iPhoneSimulator.Build.0 = Release|x86
		{324201D8-B6F7-47C3-8DBF-15A9EBE27264}.AppStore|iPhoneSimulator.Deploy.0 = Release|x86
		{324201D8-B6F7-47C3-8DBF-15A9EBE27264}.AppStore|x64.ActiveCfg = Release|x64
		{324201D8-B6F7-47C3-8DBF-15A9EBE27264}.AppStore|x64.Build.0 = Release|x64
		{324201D8-B6F7-47C3-8DBF-15A9EBE27264}.AppStore|x64.Deploy.0 = Release|x64
		{324201D8-B6F7-47C3-8DBF-15A9EBE27264}.AppStore|x86.ActiveCfg = Release|x86
		{324201D8-B6F7-47C3-8DBF-15A9EBE27264}.AppStore|x86.Build.0 = Release|x86
		{324201D8-B6F7-47C3-8DBF-15A9EBE27264}.AppStore|x86.Deploy.0 = Release|x86
		{324201D8-B6F7-47C3-8DBF-15A9EBE27264}.Debug|Any CPU.ActiveCfg = Debug|x86
		{324201D8-B6F7-47C3-8DBF-15A9EBE27264}.Debug|ARM.ActiveCfg = Debug|ARM
		{324201D8-B6F7-47C3-8DBF-15A9EBE27264}.Debug|ARM.Build.0 = Debug|ARM
		{324201D8-B6F7-47C3-8DBF-15A9EBE27264}.Debug|ARM.Deploy.0 = Debug|ARM
		{324201D8-B6F7-47C3-8DBF-15A9EBE27264}.Debug|iPhone.ActiveCfg = Debug|x86
		{324201D8-B6F7-47C3-8DBF-15A9EBE27264}.Debug|iPhoneSimulator.ActiveCfg = Debug|x86
		{324201D8-B6F7-47C3-8DBF-15A9EBE27264}.Debug|iPhoneSimulator.Build.0 = Debug|x86
		{324201D8-B6F7-47C3-8DBF-15A9EBE27264}.Debug|iPhoneSimulator.Deploy.0 = Debug|x86
		{324201D8-B6F7-47C3-8DBF-15A9EBE27264}.Debug|x64.ActiveCfg = Debug|x64
		{324201D8-B6F7-47C3-8DBF-15A9EBE27264}.Debug|x64.Build.0 = Debug|x64
		{324201D8-B6F7-47C3-8DBF-15A9EBE27264}.Debug|x64.Deploy.0 = Debug|x64
		{324201D8-B6F7-47C3-8DBF-15A9EBE27264}.Debug|x86.ActiveCfg = Debug|x86
		{324201D8-B6F7-47C3-8DBF-15A9EBE27264}.Debug|x86.Build.0 = Debug|x86
		{324201D8-B6F7-47C3-8DBF-15A9EBE27264}.Debug|x86.Deploy.0 = Debug|x86
		{324201D8-B6F7-47C3-8DBF-15A9EBE27264}.Release|Any CPU.ActiveCfg = Release|x86
		{324201D8-B6F7-47C3-8DBF-15A9EBE27264}.Release|ARM.ActiveCfg = Release|ARM
		{324201D8-B6F7-47C3-8DBF-15A9EBE27264}.Release|ARM.Build.0 = Release|ARM
		{324201D8-B6F7-47C3-8DBF-15A9EBE27264}.Release|ARM.Deploy.0 = Release|ARM
		{324201D8-B6F7-47C3-8DBF-15A9EBE27264}.Release|iPhone.ActiveCfg = Release|x86
		{324201D8-B6F7-47C3-8DBF-15A9EBE27264}.Release|iPhoneSimulator.ActiveCfg = Release|x86
		{324201D8-B6F7-47C3-8DBF-15A9EBE27264}.Release|x64.ActiveCfg = Release|x64
		{324201D8-B6F7-47C3-8DBF-15A9EBE27264}.Release|x64.Build.0 = Release|x64
		{324201D8-B6F7-47C3-8DBF-15A9EBE27264}.Release|x64.Deploy.0 = Release|x64
		{324201D8-B6F7-47C3-8DBF-15A9EBE27264}.Release|x86.ActiveCfg = Release|x86
		{324201D8-B6F7-47C3-8DBF-15A9EBE27264}.Release|x86.Build.0 = Release|x86
		{324201D8-B6F7-47C3-8DBF-15A9EBE27264}.Release|x86.Deploy.0 = Release|x86
		{743FEC22-8EA7-41F0-9111-E04ECFE5C81B}.Ad-Hoc|Any CPU.ActiveCfg = Ad-Hoc|iPhone
		{743FEC22-8EA7-41F0-9111-E04ECFE5C81B}.Ad-Hoc|ARM.ActiveCfg = Ad-Hoc|iPhone
		{743FEC22-8EA7-41F0-9111-E04ECFE5C81B}.Ad-Hoc|iPhone.ActiveCfg = Ad-Hoc|iPhone
		{743FEC22-8EA7-41F0-9111-E04ECFE5C81B}.Ad-Hoc|iPhone.Build.0 = Ad-Hoc|iPhone
		{743FEC22-8EA7-41F0-9111-E04ECFE5C81B}.Ad-Hoc|iPhoneSimulator.ActiveCfg = Ad-Hoc|iPhoneSimulator
		{743FEC22-8EA7-41F0-9111-E04ECFE5C81B}.Ad-Hoc|iPhoneSimulator.Build.0 = Ad-Hoc|iPhoneSimulator
		{743FEC22-8EA7-41F0-9111-E04ECFE5C81B}.Ad-Hoc|x64.ActiveCfg = Ad-Hoc|iPhone
		{743FEC22-8EA7-41F0-9111-E04ECFE5C81B}.Ad-Hoc|x86.ActiveCfg = Ad-Hoc|iPhone
		{743FEC22-8EA7-41F0-9111-E04ECFE5C81B}.AppStore|Any CPU.ActiveCfg = AppStore|iPhone
		{743FEC22-8EA7-41F0-9111-E04ECFE5C81B}.AppStore|ARM.ActiveCfg = AppStore|iPhone
		{743FEC22-8EA7-41F0-9111-E04ECFE5C81B}.AppStore|iPhone.ActiveCfg = AppStore|iPhone
		{743FEC22-8EA7-41F0-9111-E04ECFE5C81B}.AppStore|iPhone.Build.0 = AppStore|iPhone
		{743FEC22-8EA7-41F0-9111-E04ECFE5C81B}.AppStore|iPhoneSimulator.ActiveCfg = AppStore|iPhoneSimulator
		{743FEC22-8EA7-41F0-9111-E04ECFE5C81B}.AppStore|iPhoneSimulator.Build.0 = AppStore|iPhoneSimulator
		{743FEC22-8EA7-41F0-9111-E04ECFE5C81B}.AppStore|x64.ActiveCfg = AppStore|iPhone
		{743FEC22-8EA7-41F0-9111-E04ECFE5C81B}.AppStore|x86.ActiveCfg = AppStore|iPhone
		{743FEC22-8EA7-41F0-9111-E04ECFE5C81B}.Debug|Any CPU.ActiveCfg = Debug|iPhone
		{743FEC22-8EA7-41F0-9111-E04ECFE5C81B}.Debug|ARM.ActiveCfg = Debug|iPhone
		{743FEC22-8EA7-41F0-9111-E04ECFE5C81B}.Debug|iPhone.ActiveCfg = Debug|iPhone
		{743FEC22-8EA7-41F0-9111-E04ECFE5C81B}.Debug|iPhone.Build.0 = Debug|iPhone
		{743FEC22-8EA7-41F0-9111-E04ECFE5C81B}.Debug|iPhoneSimulator.ActiveCfg = Debug|iPhoneSimulator
		{743FEC22-8EA7-41F0-9111-E04ECFE5C81B}.Debug|iPhoneSimulator.Build.0 = Debug|iPhoneSimulator
		{743FEC22-8EA7-41F0-9111-E04ECFE5C81B}.Debug|x64.ActiveCfg = Debug|iPhone
		{743FEC22-8EA7-41F0-9111-E04ECFE5C81B}.Debug|x86.ActiveCfg = Debug|iPhone
		{743FEC22-8EA7-41F0-9111-E04ECFE5C81B}.Release|Any CPU.ActiveCfg = Release|iPhone
		{743FEC22-8EA7-41F0-9111-E04ECFE5C81B}.Release|ARM.ActiveCfg = Release|iPhone
		{743FEC22-8EA7-41F0-9111-E04ECFE5C81B}.Release|iPhone.ActiveCfg = Release|iPhone
		{743FEC22-8EA7-41F0-9111-E04ECFE5C81B}.Release|iPhone.Build.0 = Release|iPhone
		{743FEC22-8EA7-41F0-9111-E04ECFE5C81B}.Release|iPhoneSimulator.ActiveCfg = Release|iPhoneSimulator
		{743FEC22-8EA7-41F0-9111-E04ECFE5C81B}.Release|iPhoneSimulator.Build.0 = Release|iPhoneSimulator
		{743FEC22-8EA7-41F0-9111-E04ECFE5C81B}.Release|x64.ActiveCfg = Release|iPhone
		{743FEC22-8EA7-41F0-9111-E04ECFE5C81B}.Release|x86.ActiveCfg = Release|iPhone
	EndGlobalSection
	GlobalSection(SolutionProperties) = preSolution
		HideSolutionNode = FALSE
	EndGlobalSection
	GlobalSection(ExtensibilityGlobals) = postSolution
		SolutionGuid = {9A56EE59-6252-46ED-8728-88503F0FF6BF}
	EndGlobalSection
EndGlobal
